// !$*UTF8*$!
{
	archiveVersion = 1;
	classes = {
	};
	objectVersion = 46;
	objects = {

/* Begin PBXBuildFile section */
		1B652D291A654AE300B8D0EA /* main.m in Sources */ = {isa = PBXBuildFile; fileRef = 1B652D281A654AE300B8D0EA /* main.m */; };
		1B652D2C1A654AE300B8D0EA /* RESAppDelegate.m in Sources */ = {isa = PBXBuildFile; fileRef = 1B652D2B1A654AE300B8D0EA /* RESAppDelegate.m */; };
		1B652D321A654AE300B8D0EA /* Main.storyboard in Resources */ = {isa = PBXBuildFile; fileRef = 1B652D301A654AE300B8D0EA /* Main.storyboard */; };
		1B652D341A654AE300B8D0EA /* Images.xcassets in Resources */ = {isa = PBXBuildFile; fileRef = 1B652D331A654AE300B8D0EA /* Images.xcassets */; };
		1B652D371A654AE300B8D0EA /* LaunchScreen.xib in Resources */ = {isa = PBXBuildFile; fileRef = 1B652D351A654AE300B8D0EA /* LaunchScreen.xib */; };
		1B652D431A654AE300B8D0EA /* SocialNetworkingTests.m in Sources */ = {isa = PBXBuildFile; fileRef = 1B652D421A654AE300B8D0EA /* SocialNetworkingTests.m */; };
		1B842D361A68AA8A00504532 /* RESSocialViewController.m in Sources */ = {isa = PBXBuildFile; fileRef = 1B842D351A68AA8A00504532 /* RESSocialViewController.m */; };
		1B842D391A68AAA200504532 /* RESTimelineViewController.m in Sources */ = {isa = PBXBuildFile; fileRef = 1B842D381A68AAA200504532 /* RESTimelineViewController.m */; };
		1B842D3C1A69015000504532 /* avatar.png in Resources */ = {isa = PBXBuildFile; fileRef = 1B842D3A1A69015000504532 /* avatar.png */; };
		1B842D3D1A69015000504532 /* Kitten.jpg in Resources */ = {isa = PBXBuildFile; fileRef = 1B842D3B1A69015000504532 /* Kitten.jpg */; };
/* End PBXBuildFile section */

/* Begin PBXContainerItemProxy section */
		1B652D3D1A654AE300B8D0EA /* PBXContainerItemProxy */ = {
			isa = PBXContainerItemProxy;
			containerPortal = 1B652D1B1A654AE300B8D0EA /* Project object */;
			proxyType = 1;
			remoteGlobalIDString = 1B652D221A654AE300B8D0EA;
			remoteInfo = SocialNetworking;
		};
/* End PBXContainerItemProxy section */

/* Begin PBXFileReference section */
		1B652D231A654AE300B8D0EA /* SocialNetworking.app */ = {isa = PBXFileReference; explicitFileType = wrapper.application; includeInIndex = 0; path = SocialNetworking.app; sourceTree = BUILT_PRODUCTS_DIR; };
		1B652D271A654AE300B8D0EA /* Info.plist */ = {isa = PBXFileReference; lastKnownFileType = text.plist.xml; path = Info.plist; sourceTree = "<group>"; };
		1B652D281A654AE300B8D0EA /* main.m */ = {isa = PBXFileReference; lastKnownFileType = sourcecode.c.objc; path = main.m; sourceTree = "<group>"; };
		1B652D2A1A654AE300B8D0EA /* RESAppDelegate.h */ = {isa = PBXFileReference; lastKnownFileType = sourcecode.c.h; path = RESAppDelegate.h; sourceTree = "<group>"; };
		1B652D2B1A654AE300B8D0EA /* RESAppDelegate.m */ = {isa = PBXFileReference; lastKnownFileType = sourcecode.c.objc; path = RESAppDelegate.m; sourceTree = "<group>"; };
		1B652D311A654AE300B8D0EA /* Base */ = {isa = PBXFileReference; lastKnownFileType = file.storyboard; name = Base; path = Base.lproj/Main.storyboard; sourceTree = "<group>"; };
		1B652D331A654AE300B8D0EA /* Images.xcassets */ = {isa = PBXFileReference; lastKnownFileType = folder.assetcatalog; path = Images.xcassets; sourceTree = "<group>"; };
		1B652D361A654AE300B8D0EA /* Base */ = {isa = PBXFileReference; lastKnownFileType = file.xib; name = Base; path = Base.lproj/LaunchScreen.xib; sourceTree = "<group>"; };
		1B652D3C1A654AE300B8D0EA /* SocialNetworkingTests.xctest */ = {isa = PBXFileReference; explicitFileType = wrapper.cfbundle; includeInIndex = 0; path = SocialNetworkingTests.xctest; sourceTree = BUILT_PRODUCTS_DIR; };
		1B652D411A654AE300B8D0EA /* Info.plist */ = {isa = PBXFileReference; lastKnownFileType = text.plist.xml; path = Info.plist; sourceTree = "<group>"; };
		1B652D421A654AE300B8D0EA /* SocialNetworkingTests.m */ = {isa = PBXFileReference; lastKnownFileType = sourcecode.c.objc; path = SocialNetworkingTests.m; sourceTree = "<group>"; };
		1B842D341A68AA8A00504532 /* RESSocialViewController.h */ = {isa = PBXFileReference; fileEncoding = 4; lastKnownFileType = sourcecode.c.h; path = RESSocialViewController.h; sourceTree = "<group>"; };
		1B842D351A68AA8A00504532 /* RESSocialViewController.m */ = {isa = PBXFileReference; fileEncoding = 4; lastKnownFileType = sourcecode.c.objc; path = RESSocialViewController.m; sourceTree = "<group>"; };
		1B842D371A68AAA200504532 /* RESTimelineViewController.h */ = {isa = PBXFileReference; fileEncoding = 4; lastKnownFileType = sourcecode.c.h; path = RESTimelineViewController.h; sourceTree = "<group>"; };
		1B842D381A68AAA200504532 /* RESTimelineViewController.m */ = {isa = PBXFileReference; fileEncoding = 4; lastKnownFileType = sourcecode.c.objc; path = RESTimelineViewController.m; sourceTree = "<group>"; };
		1B842D3A1A69015000504532 /* avatar.png */ = {isa = PBXFileReference; lastKnownFileType = image.png; path = avatar.png; sourceTree = "<group>"; };
		1B842D3B1A69015000504532 /* Kitten.jpg */ = {isa = PBXFileReference; lastKnownFileType = image.jpeg; path = Kitten.jpg; sourceTree = "<group>"; };
/* End PBXFileReference section */

/* Begin PBXFrameworksBuildPhase section */
		1B652D201A654AE300B8D0EA /* Frameworks */ = {
			isa = PBXFrameworksBuildPhase;
			buildActionMask = 2147483647;
			files = (
			);
			runOnlyForDeploymentPostprocessing = 0;
		};
		1B652D391A654AE300B8D0EA /* Frameworks */ = {
			isa = PBXFrameworksBuildPhase;
			buildActionMask = 2147483647;
			files = (
			);
			runOnlyForDeploymentPostprocessing = 0;
		};
/* End PBXFrameworksBuildPhase section */

/* Begin PBXGroup section */
		1B652D1A1A654AE300B8D0EA = {
			isa = PBXGroup;
			children = (
				1B652D251A654AE300B8D0EA /* SocialNetworking */,
				1B652D3F1A654AE300B8D0EA /* SocialNetworkingTests */,
				1B652D241A654AE300B8D0EA /* Products */,
			);
			sourceTree = "<group>";
		};
		1B652D241A654AE300B8D0EA /* Products */ = {
			isa = PBXGroup;
			children = (
				1B652D231A654AE300B8D0EA /* SocialNetworking.app */,
				1B652D3C1A654AE300B8D0EA /* SocialNetworkingTests.xctest */,
			);
			name = Products;
			sourceTree = "<group>";
		};
		1B652D251A654AE300B8D0EA /* SocialNetworking */ = {
			isa = PBXGroup;
			children = (
				1B652D4E1A654AF600B8D0EA /* views */,
				1B652D4D1A654AF000B8D0EA /* app controllers */,
				1B652D4C1A654AE900B8D0EA /* view controllers */,
				1B652D261A654AE300B8D0EA /* Supporting Files */,
			);
			path = SocialNetworking;
			sourceTree = "<group>";
		};
		1B652D261A654AE300B8D0EA /* Supporting Files */ = {
			isa = PBXGroup;
			children = (
				1B842D3A1A69015000504532 /* avatar.png */,
				1B842D3B1A69015000504532 /* Kitten.jpg */,
				1B652D331A654AE300B8D0EA /* Images.xcassets */,
				1B652D271A654AE300B8D0EA /* Info.plist */,
				1B652D281A654AE300B8D0EA /* main.m */,
			);
			name = "Supporting Files";
			sourceTree = "<group>";
		};
		1B652D3F1A654AE300B8D0EA /* SocialNetworkingTests */ = {
			isa = PBXGroup;
			children = (
				1B652D421A654AE300B8D0EA /* SocialNetworkingTests.m */,
				1B652D401A654AE300B8D0EA /* Supporting Files */,
			);
			path = SocialNetworkingTests;
			sourceTree = "<group>";
		};
		1B652D401A654AE300B8D0EA /* Supporting Files */ = {
			isa = PBXGroup;
			children = (
				1B652D411A654AE300B8D0EA /* Info.plist */,
			);
			name = "Supporting Files";
			sourceTree = "<group>";
		};
		1B652D4C1A654AE900B8D0EA /* view controllers */ = {
			isa = PBXGroup;
			children = (
				1B842D341A68AA8A00504532 /* RESSocialViewController.h */,
				1B842D351A68AA8A00504532 /* RESSocialViewController.m */,
				1B842D371A68AAA200504532 /* RESTimelineViewController.h */,
				1B842D381A68AAA200504532 /* RESTimelineViewController.m */,
			);
			name = "view controllers";
			sourceTree = "<group>";
		};
		1B652D4D1A654AF000B8D0EA /* app controllers */ = {
			isa = PBXGroup;
			children = (
				1B652D2A1A654AE300B8D0EA /* RESAppDelegate.h */,
				1B652D2B1A654AE300B8D0EA /* RESAppDelegate.m */,
			);
			name = "app controllers";
			sourceTree = "<group>";
		};
		1B652D4E1A654AF600B8D0EA /* views */ = {
			isa = PBXGroup;
			children = (
				1B652D301A654AE300B8D0EA /* Main.storyboard */,
				1B652D351A654AE300B8D0EA /* LaunchScreen.xib */,
			);
			name = views;
			sourceTree = "<group>";
		};
/* End PBXGroup section */

/* Begin PBXNativeTarget section */
		1B652D221A654AE300B8D0EA /* SocialNetworking */ = {
			isa = PBXNativeTarget;
			buildConfigurationList = 1B652D461A654AE300B8D0EA /* Build configuration list for PBXNativeTarget "SocialNetworking" */;
			buildPhases = (
				1B652D1F1A654AE300B8D0EA /* Sources */,
				1B652D201A654AE300B8D0EA /* Frameworks */,
				1B652D211A654AE300B8D0EA /* Resources */,
			);
			buildRules = (
			);
			dependencies = (
			);
			name = SocialNetworking;
			productName = SocialNetworking;
			productReference = 1B652D231A654AE300B8D0EA /* SocialNetworking.app */;
			productType = "com.apple.product-type.application";
		};
		1B652D3B1A654AE300B8D0EA /* SocialNetworkingTests */ = {
			isa = PBXNativeTarget;
			buildConfigurationList = 1B652D491A654AE300B8D0EA /* Build configuration list for PBXNativeTarget "SocialNetworkingTests" */;
			buildPhases = (
				1B652D381A654AE300B8D0EA /* Sources */,
				1B652D391A654AE300B8D0EA /* Frameworks */,
				1B652D3A1A654AE300B8D0EA /* Resources */,
			);
			buildRules = (
			);
			dependencies = (
				1B652D3E1A654AE300B8D0EA /* PBXTargetDependency */,
			);
			name = SocialNetworkingTests;
			productName = SocialNetworkingTests;
			productReference = 1B652D3C1A654AE300B8D0EA /* SocialNetworkingTests.xctest */;
			productType = "com.apple.product-type.bundle.unit-test";
		};
/* End PBXNativeTarget section */

/* Begin PBXProject section */
		1B652D1B1A654AE300B8D0EA /* Project object */ = {
			isa = PBXProject;
			attributes = {
				CLASSPREFIX = RES;
				LastUpgradeCheck = 0610;
				ORGANIZATIONNAME = "RuiShuai Co., Ltd";
				TargetAttributes = {
					1B652D221A654AE300B8D0EA = {
						CreatedOnToolsVersion = 6.1.1;
					};
					1B652D3B1A654AE300B8D0EA = {
						CreatedOnToolsVersion = 6.1.1;
						TestTargetID = 1B652D221A654AE300B8D0EA;
					};
				};
			};
			buildConfigurationList = 1B652D1E1A654AE300B8D0EA /* Build configuration list for PBXProject "SocialNetworking" */;
			compatibilityVersion = "Xcode 3.2";
			developmentRegion = English;
			hasScannedForEncodings = 0;
			knownRegions = (
				en,
				Base,
			);
			mainGroup = 1B652D1A1A654AE300B8D0EA;
			productRefGroup = 1B652D241A654AE300B8D0EA /* Products */;
			projectDirPath = "";
			projectRoot = "";
			targets = (
				1B652D221A654AE300B8D0EA /* SocialNetworking */,
				1B652D3B1A654AE300B8D0EA /* SocialNetworkingTests */,
			);
		};
/* End PBXProject section */

/* Begin PBXResourcesBuildPhase section */
		1B652D211A654AE300B8D0EA /* Resources */ = {
			isa = PBXResourcesBuildPhase;
			buildActionMask = 2147483647;
			files = (
				1B842D3C1A69015000504532 /* avatar.png in Resources */,
				1B652D321A654AE300B8D0EA /* Main.storyboard in Resources */,
				1B652D371A654AE300B8D0EA /* LaunchScreen.xib in Resources */,
				1B652D341A654AE300B8D0EA /* Images.xcassets in Resources */,
				1B842D3D1A69015000504532 /* Kitten.jpg in Resources */,
			);
			runOnlyForDeploymentPostprocessing = 0;
		};
		1B652D3A1A654AE300B8D0EA /* Resources */ = {
			isa = PBXResourcesBuildPhase;
			buildActionMask = 2147483647;
			files = (
			);
			runOnlyForDeploymentPostprocessing = 0;
		};
/* End PBXResourcesBuildPhase section */

/* Begin PBXSourcesBuildPhase section */
		1B652D1F1A654AE300B8D0EA /* Sources */ = {
			isa = PBXSourcesBuildPhase;
			buildActionMask = 2147483647;
			files = (
				1B652D2C1A654AE300B8D0EA /* RESAppDelegate.m in Sources */,
				1B842D361A68AA8A00504532 /* RESSocialViewController.m in Sources */,
				1B842D391A68AAA200504532 /* RESTimelineViewController.m in Sources */,
				1B652D291A654AE300B8D0EA /* main.m in Sources */,
			);
			runOnlyForDeploymentPostprocessing = 0;
		};
		1B652D381A654AE300B8D0EA /* Sources */ = {
			isa = PBXSourcesBuildPhase;
			buildActionMask = 2147483647;
			files = (
				1B652D431A654AE300B8D0EA /* SocialNetworkingTests.m in Sources */,
			);
			runOnlyForDeploymentPostprocessing = 0;
		};
/* End PBXSourcesBuildPhase section */

/* Begin PBXTargetDependency section */
		1B652D3E1A654AE300B8D0EA /* PBXTargetDependency */ = {
			isa = PBXTargetDependency;
			target = 1B652D221A654AE300B8D0EA /* SocialNetworking */;
			targetProxy = 1B652D3D1A654AE300B8D0EA /* PBXContainerItemProxy */;
		};
/* End PBXTargetDependency section */

/* Begin PBXVariantGroup section */
		1B652D301A654AE300B8D0EA /* Main.storyboard */ = {
			isa = PBXVariantGroup;
			children = (
				1B652D311A654AE300B8D0EA /* Base */,
			);
			name = Main.storyboard;
			sourceTree = "<group>";
		};
		1B652D351A654AE300B8D0EA /* LaunchScreen.xib */ = {
			isa = PBXVariantGroup;
			children = (
				1B652D361A654AE300B8D0EA /* Base */,
			);
			name = LaunchScreen.xib;
			sourceTree = "<group>";
		};
/* End PBXVariantGroup section */

/* Begin XCBuildConfiguration section */
		1B652D441A654AE300B8D0EA /* Debug */ = {
			isa = XCBuildConfiguration;
			buildSettings = {
				ALWAYS_SEARCH_USER_PATHS = NO;
				CLANG_CXX_LANGUAGE_STANDARD = "gnu++0x";
				CLANG_CXX_LIBRARY = "libc++";
				CLANG_ENABLE_MODULES = YES;
				CLANG_ENABLE_OBJC_ARC = YES;
				CLANG_WARN_BOOL_CONVERSION = YES;
				CLANG_WARN_CONSTANT_CONVERSION = YES;
				CLANG_WARN_DIRECT_OBJC_ISA_USAGE = YES_ERROR;
				CLANG_WARN_EMPTY_BODY = YES;
				CLANG_WARN_ENUM_CONVERSION = YES;
				CLANG_WARN_INT_CONVERSION = YES;
				CLANG_WARN_OBJC_ROOT_CLASS = YES_ERROR;
				CLANG_WARN_UNREACHABLE_CODE = YES;
				CLANG_WARN__DUPLICATE_METHOD_MATCH = YES;
				"CODE_SIGN_IDENTITY[sdk=iphoneos*]" = "iPhone Developer";
				COPY_PHASE_STRIP = NO;
				ENABLE_STRICT_OBJC_MSGSEND = YES;
				GCC_C_LANGUAGE_STANDARD = gnu99;
				GCC_DYNAMIC_NO_PIC = NO;
				GCC_OPTIMIZATION_LEVEL = 0;
				GCC_PREPROCESSOR_DEFINITIONS = (
					"DEBUG=1",
					"$(inherited)",
				);
				GCC_SYMBOLS_PRIVATE_EXTERN = NO;
				GCC_WARN_64_TO_32_BIT_CONVERSION = YES;
				GCC_WARN_ABOUT_RETURN_TYPE = YES_ERROR;
				GCC_WARN_UNDECLARED_SELECTOR = YES;
				GCC_WARN_UNINITIALIZED_AUTOS = YES_AGGRESSIVE;
				GCC_WARN_UNUSED_FUNCTION = YES;
				GCC_WARN_UNUSED_VARIABLE = YES;
				IPHONEOS_DEPLOYMENT_TARGET = 8.1;
				MTL_ENABLE_DEBUG_INFO = YES;
				ONLY_ACTIVE_ARCH = YES;
				SDKROOT = iphoneos;
			};
			name = Debug;
		};
		1B652D451A654AE300B8D0EA /* Release */ = {
			isa = XCBuildConfiguration;
			buildSettings = {
				ALWAYS_SEARCH_USER_PATHS = NO;
				CLANG_CXX_LANGUAGE_STANDARD = "gnu++0x";
				CLANG_CXX_LIBRARY = "libc++";
				CLANG_ENABLE_MODULES = YES;
				CLANG_ENABLE_OBJC_ARC = YES;
				CLANG_WARN_BOOL_CONVERSION = YES;
				CLANG_WARN_CONSTANT_CONVERSION = YES;
				CLANG_WARN_DIRECT_OBJC_ISA_USAGE = YES_ERROR;
				CLANG_WARN_EMPTY_BODY = YES;
				CLANG_WARN_ENUM_CONVERSION = YES;
				CLANG_WARN_INT_CONVERSION = YES;
				CLANG_WARN_OBJC_ROOT_CLASS = YES_ERROR;
				CLANG_WARN_UNREACHABLE_CODE = YES;
				CLANG_WARN__DUPLICATE_METHOD_MATCH = YES;
				"CODE_SIGN_IDENTITY[sdk=iphoneos*]" = "iPhone Developer";
				COPY_PHASE_STRIP = YES;
				ENABLE_NS_ASSERTIONS = NO;
				ENABLE_STRICT_OBJC_MSGSEND = YES;
				GCC_C_LANGUAGE_STANDARD = gnu99;
				GCC_WARN_64_TO_32_BIT_CONVERSION = YES;
				GCC_WARN_ABOUT_RETURN_TYPE = YES_ERROR;
				GCC_WARN_UNDECLARED_SELECTOR = YES;
				GCC_WARN_UNINITIALIZED_AUTOS = YES_AGGRESSIVE;
				GCC_WARN_UNUSED_FUNCTION = YES;
				GCC_WARN_UNUSED_VARIABLE = YES;
				IPHONEOS_DEPLOYMENT_TARGET = 8.1;
				MTL_ENABLE_DEBUG_INFO = NO;
				SDKROOT = iphoneos;
				VALIDATE_PRODUCT = YES;
			};
			name = Release;
		};
		1B652D471A654AE300B8D0EA /* Debug */ = {
			isa = XCBuildConfiguration;
			buildSettings = {
				ASSETCATALOG_COMPILER_APPICON_NAME = AppIcon;
				INFOPLIST_FILE = SocialNetworking/Info.plist;
				LD_RUNPATH_SEARCH_PATHS = "$(inherited) @executable_path/Frameworks";
				PRODUCT_NAME = "$(TARGET_NAME)";
			};
			name = Debug;
		};
		1B652D481A654AE300B8D0EA /* Release */ = {
			isa = XCBuildConfiguration;
			buildSettings = {
				ASSETCATALOG_COMPILER_APPICON_NAME = AppIcon;
				INFOPLIST_FILE = SocialNetworking/Info.plist;
				LD_RUNPATH_SEARCH_PATHS = "$(inherited) @executable_path/Frameworks";
				PRODUCT_NAME = "$(TARGET_NAME)";
			};
			name = Release;
		};
		1B652D4A1A654AE300B8D0EA /* Debug */ = {
			isa = XCBuildConfiguration;
			buildSettings = {
				BUNDLE_LOADER = "$(TEST_HOST)";
				FRAMEWORK_SEARCH_PATHS = (
					"$(SDKROOT)/Developer/Library/Frameworks",
					"$(inherited)",
				);
				GCC_PREPROCESSOR_DEFINITIONS = (
					"DEBUG=1",
					"$(inherited)",
				);
				INFOPLIST_FILE = SocialNetworkingTests/Info.plist;
				LD_RUNPATH_SEARCH_PATHS = "$(inherited) @executable_path/Frameworks @loader_path/Frameworks";
				PRODUCT_NAME = "$(TARGET_NAME)";
				TEST_HOST = "$(BUILT_PRODUCTS_DIR)/SocialNetworking.app/SocialNetworking";
			};
			name = Debug;
		};
		1B652D4B1A654AE300B8D0EA /* Release */ = {
			isa = XCBuildConfiguration;
			buildSettings = {
				BUNDLE_LOADER = "$(TEST_HOST)";
				FRAMEWORK_SEARCH_PATHS = (
					"$(SDKROOT)/Developer/Library/Frameworks",
					"$(inherited)",
				);
				INFOPLIST_FILE = SocialNetworkingTests/Info.plist;
				LD_RUNPATH_SEARCH_PATHS = "$(inherited) @executable_path/Frameworks @loader_path/Frameworks";
				PRODUCT_NAME = "$(TARGET_NAME)";
				TEST_HOST = "$(BUILT_PRODUCTS_DIR)/SocialNetworking.app/SocialNetworking";
			};
			name = Release;
		};
/* End XCBuildConfiguration section */

/* Begin XCConfigurationList section */
		1B652D1E1A654AE300B8D0EA /* Build configuration list for PBXProject "SocialNetworking" */ = {
			isa = XCConfigurationList;
			buildConfigurations = (
				1B652D441A654AE300B8D0EA /* Debug */,
				1B652D451A654AE300B8D0EA /* Release */,
			);
			defaultConfigurationIsVisible = 0;
			defaultConfigurationName = Release;
		};
		1B652D461A654AE300B8D0EA /* Build configuration list for PBXNativeTarget "SocialNetworking" */ = {
			isa = XCConfigurationList;
			buildConfigurations = (
				1B652D471A654AE300B8D0EA /* Debug */,
				1B652D481A654AE300B8D0EA /* Release */,
			);
			defaultConfigurationIsVisible = 0;
			defaultConfigurationName = Release;
		};
		1B652D491A654AE300B8D0EA /* Build configuration list for PBXNativeTarget "SocialNetworkingTests" */ = {
			isa = XCConfigurationList;
			buildConfigurations = (
				1B652D4A1A654AE300B8D0EA /* Debug */,
				1B652D4B1A654AE300B8D0EA /* Release */,
			);
			defaultConfigurationIsVisible = 0;
			defaultConfigurationName = Release;
		};
/* End XCConfigurationList section */
	};
	rootObject = 1B652D1B1A654AE300B8D0EA /* Project object */;
}
