// !$*UTF8*$!
{
	archiveVersion = 1;
	classes = {
	};
	objectVersion = 46;
	objects = {

/* Begin PBXBuildFile section */
		1B715FF21A60F8E100EBCD3A /* RESPassListViewController.m in Sources */ = {isa = PBXBuildFile; fileRef = 1B715FF11A60F8E100EBCD3A /* RESPassListViewController.m */; };
		1B715FF51A60F92400EBCD3A /* RESBoardingPassViewController.m in Sources */ = {isa = PBXBuildFile; fileRef = 1B715FF41A60F92400EBCD3A /* RESBoardingPassViewController.m */; };
		1B715FF81A60F93E00EBCD3A /* RESCouponViewController.m in Sources */ = {isa = PBXBuildFile; fileRef = 1B715FF71A60F93E00EBCD3A /* RESCouponViewController.m */; };
		1B715FFB1A60F95300EBCD3A /* RESEventViewController.m in Sources */ = {isa = PBXBuildFile; fileRef = 1B715FFA1A60F95300EBCD3A /* RESEventViewController.m */; };
		1B715FFE1A60F96600EBCD3A /* RESGenericViewController.m in Sources */ = {isa = PBXBuildFile; fileRef = 1B715FFD1A60F96600EBCD3A /* RESGenericViewController.m */; };
		1B7160011A60F97800EBCD3A /* RESStoreCardViewController.m in Sources */ = {isa = PBXBuildFile; fileRef = 1B7160001A60F97800EBCD3A /* RESStoreCardViewController.m */; };
		1B7160041A60FC6D00EBCD3A /* RESPassTemplateViewController.m in Sources */ = {isa = PBXBuildFile; fileRef = 1B7160031A60FC6D00EBCD3A /* RESPassTemplateViewController.m */; };
		1B7F01DF1A636E1E0077E1DA /* BoardingPass.pkpass in Resources */ = {isa = PBXBuildFile; fileRef = 1B7F01DA1A636E1E0077E1DA /* BoardingPass.pkpass */; };
		1B7F01E01A636E1E0077E1DA /* Coupon.pkpass in Resources */ = {isa = PBXBuildFile; fileRef = 1B7F01DB1A636E1E0077E1DA /* Coupon.pkpass */; };
		1B7F01E11A636E1E0077E1DA /* Event.pkpass in Resources */ = {isa = PBXBuildFile; fileRef = 1B7F01DC1A636E1E0077E1DA /* Event.pkpass */; };
		1B7F01E21A636E1E0077E1DA /* Generic.pkpass in Resources */ = {isa = PBXBuildFile; fileRef = 1B7F01DD1A636E1E0077E1DA /* Generic.pkpass */; };
		1B7F01E31A636E1E0077E1DA /* StoreCard.pkpass in Resources */ = {isa = PBXBuildFile; fileRef = 1B7F01DE1A636E1E0077E1DA /* StoreCard.pkpass */; };
		1B7F01E91A636EC80077E1DA /* BoardingPass-Update.pkpass in Resources */ = {isa = PBXBuildFile; fileRef = 1B7F01E41A636EC80077E1DA /* BoardingPass-Update.pkpass */; };
		1B7F01EA1A636EC80077E1DA /* Coupon-Update.pkpass in Resources */ = {isa = PBXBuildFile; fileRef = 1B7F01E51A636EC80077E1DA /* Coupon-Update.pkpass */; };
		1B7F01EB1A636EC80077E1DA /* Event-Update.pkpass in Resources */ = {isa = PBXBuildFile; fileRef = 1B7F01E61A636EC80077E1DA /* Event-Update.pkpass */; };
		1B7F01EC1A636EC80077E1DA /* Generic-Update.pkpass in Resources */ = {isa = PBXBuildFile; fileRef = 1B7F01E71A636EC80077E1DA /* Generic-Update.pkpass */; };
		1B7F01ED1A636EC80077E1DA /* StoreCard-Update.pkpass in Resources */ = {isa = PBXBuildFile; fileRef = 1B7F01E81A636EC80077E1DA /* StoreCard-Update.pkpass */; };
		1BA19E561A5FACE400FC669D /* main.m in Sources */ = {isa = PBXBuildFile; fileRef = 1BA19E551A5FACE400FC669D /* main.m */; };
		1BA19E591A5FACE400FC669D /* RESAppDelegate.m in Sources */ = {isa = PBXBuildFile; fileRef = 1BA19E581A5FACE400FC669D /* RESAppDelegate.m */; };
		1BA19E5F1A5FACE400FC669D /* Main.storyboard in Resources */ = {isa = PBXBuildFile; fileRef = 1BA19E5D1A5FACE400FC669D /* Main.storyboard */; };
		1BA19E611A5FACE400FC669D /* Images.xcassets in Resources */ = {isa = PBXBuildFile; fileRef = 1BA19E601A5FACE400FC669D /* Images.xcassets */; };
		1BA19E641A5FACE400FC669D /* LaunchScreen.xib in Resources */ = {isa = PBXBuildFile; fileRef = 1BA19E621A5FACE400FC669D /* LaunchScreen.xib */; };
		1BA19E701A5FACE400FC669D /* PassKitTests.m in Sources */ = {isa = PBXBuildFile; fileRef = 1BA19E6F1A5FACE400FC669D /* PassKitTests.m */; };
/* End PBXBuildFile section */

/* Begin PBXContainerItemProxy section */
		1BA19E6A1A5FACE400FC669D /* PBXContainerItemProxy */ = {
			isa = PBXContainerItemProxy;
			containerPortal = 1BA19E481A5FACE400FC669D /* Project object */;
			proxyType = 1;
			remoteGlobalIDString = 1BA19E4F1A5FACE400FC669D;
			remoteInfo = PassKit;
		};
/* End PBXContainerItemProxy section */

/* Begin PBXFileReference section */
		1B715FF01A60F8E100EBCD3A /* RESPassListViewController.h */ = {isa = PBXFileReference; fileEncoding = 4; lastKnownFileType = sourcecode.c.h; path = RESPassListViewController.h; sourceTree = "<group>"; };
		1B715FF11A60F8E100EBCD3A /* RESPassListViewController.m */ = {isa = PBXFileReference; fileEncoding = 4; lastKnownFileType = sourcecode.c.objc; path = RESPassListViewController.m; sourceTree = "<group>"; };
		1B715FF31A60F92400EBCD3A /* RESBoardingPassViewController.h */ = {isa = PBXFileReference; fileEncoding = 4; lastKnownFileType = sourcecode.c.h; path = RESBoardingPassViewController.h; sourceTree = "<group>"; };
		1B715FF41A60F92400EBCD3A /* RESBoardingPassViewController.m */ = {isa = PBXFileReference; fileEncoding = 4; lastKnownFileType = sourcecode.c.objc; path = RESBoardingPassViewController.m; sourceTree = "<group>"; };
		1B715FF61A60F93E00EBCD3A /* RESCouponViewController.h */ = {isa = PBXFileReference; fileEncoding = 4; lastKnownFileType = sourcecode.c.h; path = RESCouponViewController.h; sourceTree = "<group>"; };
		1B715FF71A60F93E00EBCD3A /* RESCouponViewController.m */ = {isa = PBXFileReference; fileEncoding = 4; lastKnownFileType = sourcecode.c.objc; path = RESCouponViewController.m; sourceTree = "<group>"; };
		1B715FF91A60F95300EBCD3A /* RESEventViewController.h */ = {isa = PBXFileReference; fileEncoding = 4; lastKnownFileType = sourcecode.c.h; path = RESEventViewController.h; sourceTree = "<group>"; };
		1B715FFA1A60F95300EBCD3A /* RESEventViewController.m */ = {isa = PBXFileReference; fileEncoding = 4; lastKnownFileType = sourcecode.c.objc; path = RESEventViewController.m; sourceTree = "<group>"; };
		1B715FFC1A60F96600EBCD3A /* RESGenericViewController.h */ = {isa = PBXFileReference; fileEncoding = 4; lastKnownFileType = sourcecode.c.h; path = RESGenericViewController.h; sourceTree = "<group>"; };
		1B715FFD1A60F96600EBCD3A /* RESGenericViewController.m */ = {isa = PBXFileReference; fileEncoding = 4; lastKnownFileType = sourcecode.c.objc; path = RESGenericViewController.m; sourceTree = "<group>"; };
		1B715FFF1A60F97800EBCD3A /* RESStoreCardViewController.h */ = {isa = PBXFileReference; fileEncoding = 4; lastKnownFileType = sourcecode.c.h; path = RESStoreCardViewController.h; sourceTree = "<group>"; };
		1B7160001A60F97800EBCD3A /* RESStoreCardViewController.m */ = {isa = PBXFileReference; fileEncoding = 4; lastKnownFileType = sourcecode.c.objc; path = RESStoreCardViewController.m; sourceTree = "<group>"; };
		1B7160021A60FC6D00EBCD3A /* RESPassTemplateViewController.h */ = {isa = PBXFileReference; fileEncoding = 4; lastKnownFileType = sourcecode.c.h; path = RESPassTemplateViewController.h; sourceTree = "<group>"; };
		1B7160031A60FC6D00EBCD3A /* RESPassTemplateViewController.m */ = {isa = PBXFileReference; fileEncoding = 4; lastKnownFileType = sourcecode.c.objc; path = RESPassTemplateViewController.m; sourceTree = "<group>"; };
		1B7F01DA1A636E1E0077E1DA /* BoardingPass.pkpass */ = {isa = PBXFileReference; lastKnownFileType = file; path = BoardingPass.pkpass; sourceTree = "<group>"; };
		1B7F01DB1A636E1E0077E1DA /* Coupon.pkpass */ = {isa = PBXFileReference; lastKnownFileType = file; path = Coupon.pkpass; sourceTree = "<group>"; };
		1B7F01DC1A636E1E0077E1DA /* Event.pkpass */ = {isa = PBXFileReference; lastKnownFileType = file; path = Event.pkpass; sourceTree = "<group>"; };
		1B7F01DD1A636E1E0077E1DA /* Generic.pkpass */ = {isa = PBXFileReference; lastKnownFileType = file; path = Generic.pkpass; sourceTree = "<group>"; };
		1B7F01DE1A636E1E0077E1DA /* StoreCard.pkpass */ = {isa = PBXFileReference; lastKnownFileType = file; path = StoreCard.pkpass; sourceTree = "<group>"; };
		1B7F01E41A636EC80077E1DA /* BoardingPass-Update.pkpass */ = {isa = PBXFileReference; lastKnownFileType = file; path = "BoardingPass-Update.pkpass"; sourceTree = "<group>"; };
		1B7F01E51A636EC80077E1DA /* Coupon-Update.pkpass */ = {isa = PBXFileReference; lastKnownFileType = file; path = "Coupon-Update.pkpass"; sourceTree = "<group>"; };
		1B7F01E61A636EC80077E1DA /* Event-Update.pkpass */ = {isa = PBXFileReference; lastKnownFileType = file; path = "Event-Update.pkpass"; sourceTree = "<group>"; };
		1B7F01E71A636EC80077E1DA /* Generic-Update.pkpass */ = {isa = PBXFileReference; lastKnownFileType = file; path = "Generic-Update.pkpass"; sourceTree = "<group>"; };
		1B7F01E81A636EC80077E1DA /* StoreCard-Update.pkpass */ = {isa = PBXFileReference; lastKnownFileType = file; path = "StoreCard-Update.pkpass"; sourceTree = "<group>"; };
		1BA19E501A5FACE400FC669D /* PassKit.app */ = {isa = PBXFileReference; explicitFileType = wrapper.application; includeInIndex = 0; path = PassKit.app; sourceTree = BUILT_PRODUCTS_DIR; };
		1BA19E541A5FACE400FC669D /* Info.plist */ = {isa = PBXFileReference; lastKnownFileType = text.plist.xml; path = Info.plist; sourceTree = "<group>"; };
		1BA19E551A5FACE400FC669D /* main.m */ = {isa = PBXFileReference; lastKnownFileType = sourcecode.c.objc; path = main.m; sourceTree = "<group>"; };
		1BA19E571A5FACE400FC669D /* RESAppDelegate.h */ = {isa = PBXFileReference; lastKnownFileType = sourcecode.c.h; path = RESAppDelegate.h; sourceTree = "<group>"; };
		1BA19E581A5FACE400FC669D /* RESAppDelegate.m */ = {isa = PBXFileReference; lastKnownFileType = sourcecode.c.objc; path = RESAppDelegate.m; sourceTree = "<group>"; };
		1BA19E5E1A5FACE400FC669D /* Base */ = {isa = PBXFileReference; lastKnownFileType = file.storyboard; name = Base; path = Base.lproj/Main.storyboard; sourceTree = "<group>"; };
		1BA19E601A5FACE400FC669D /* Images.xcassets */ = {isa = PBXFileReference; lastKnownFileType = folder.assetcatalog; path = Images.xcassets; sourceTree = "<group>"; };
		1BA19E631A5FACE400FC669D /* Base */ = {isa = PBXFileReference; lastKnownFileType = file.xib; name = Base; path = Base.lproj/LaunchScreen.xib; sourceTree = "<group>"; };
		1BA19E691A5FACE400FC669D /* PassKitTests.xctest */ = {isa = PBXFileReference; explicitFileType = wrapper.cfbundle; includeInIndex = 0; path = PassKitTests.xctest; sourceTree = BUILT_PRODUCTS_DIR; };
		1BA19E6E1A5FACE400FC669D /* Info.plist */ = {isa = PBXFileReference; lastKnownFileType = text.plist.xml; path = Info.plist; sourceTree = "<group>"; };
		1BA19E6F1A5FACE400FC669D /* PassKitTests.m */ = {isa = PBXFileReference; lastKnownFileType = sourcecode.c.objc; path = PassKitTests.m; sourceTree = "<group>"; };
/* End PBXFileReference section */

/* Begin PBXFrameworksBuildPhase section */
		1BA19E4D1A5FACE400FC669D /* Frameworks */ = {
			isa = PBXFrameworksBuildPhase;
			buildActionMask = 2147483647;
			files = (
			);
			runOnlyForDeploymentPostprocessing = 0;
		};
		1BA19E661A5FACE400FC669D /* Frameworks */ = {
			isa = PBXFrameworksBuildPhase;
			buildActionMask = 2147483647;
			files = (
			);
			runOnlyForDeploymentPostprocessing = 0;
		};
/* End PBXFrameworksBuildPhase section */

/* Begin PBXGroup section */
		1B7160051A60FC7B00EBCD3A /* pass details */ = {
			isa = PBXGroup;
			children = (
				1B7160021A60FC6D00EBCD3A /* RESPassTemplateViewController.h */,
				1B7160031A60FC6D00EBCD3A /* RESPassTemplateViewController.m */,
				1B715FF31A60F92400EBCD3A /* RESBoardingPassViewController.h */,
				1B715FF41A60F92400EBCD3A /* RESBoardingPassViewController.m */,
				1B715FF61A60F93E00EBCD3A /* RESCouponViewController.h */,
				1B715FF71A60F93E00EBCD3A /* RESCouponViewController.m */,
				1B715FF91A60F95300EBCD3A /* RESEventViewController.h */,
				1B715FFA1A60F95300EBCD3A /* RESEventViewController.m */,
				1B715FFC1A60F96600EBCD3A /* RESGenericViewController.h */,
				1B715FFD1A60F96600EBCD3A /* RESGenericViewController.m */,
				1B715FFF1A60F97800EBCD3A /* RESStoreCardViewController.h */,
				1B7160001A60F97800EBCD3A /* RESStoreCardViewController.m */,
			);
			name = "pass details";
			sourceTree = "<group>";
		};
		1B7F01D91A636DD00077E1DA /* Pass Examples */ = {
			isa = PBXGroup;
			children = (
				1B7F01E41A636EC80077E1DA /* BoardingPass-Update.pkpass */,
				1B7F01E51A636EC80077E1DA /* Coupon-Update.pkpass */,
				1B7F01E61A636EC80077E1DA /* Event-Update.pkpass */,
				1B7F01E71A636EC80077E1DA /* Generic-Update.pkpass */,
				1B7F01E81A636EC80077E1DA /* StoreCard-Update.pkpass */,
				1B7F01DA1A636E1E0077E1DA /* BoardingPass.pkpass */,
				1B7F01DB1A636E1E0077E1DA /* Coupon.pkpass */,
				1B7F01DC1A636E1E0077E1DA /* Event.pkpass */,
				1B7F01DD1A636E1E0077E1DA /* Generic.pkpass */,
				1B7F01DE1A636E1E0077E1DA /* StoreCard.pkpass */,
			);
			name = "Pass Examples";
			sourceTree = "<group>";
		};
		1BA19E471A5FACE400FC669D = {
			isa = PBXGroup;
			children = (
				1BA19E521A5FACE400FC669D /* PassKit */,
				1BA19E6C1A5FACE400FC669D /* PassKitTests */,
				1BA19E511A5FACE400FC669D /* Products */,
			);
			sourceTree = "<group>";
		};
		1BA19E511A5FACE400FC669D /* Products */ = {
			isa = PBXGroup;
			children = (
				1BA19E501A5FACE400FC669D /* PassKit.app */,
				1BA19E691A5FACE400FC669D /* PassKitTests.xctest */,
			);
			name = Products;
			sourceTree = "<group>";
		};
		1BA19E521A5FACE400FC669D /* PassKit */ = {
			isa = PBXGroup;
			children = (
				1BA19E7B1A5FAD0F00FC669D /* views */,
				1BA19E7A1A5FAD0000FC669D /* app controllers */,
				1BA19E791A5FACF600FC669D /* view controllers */,
				1B7F01D91A636DD00077E1DA /* Pass Examples */,
				1BA19E531A5FACE400FC669D /* Supporting Files */,
			);
			path = PassKit;
			sourceTree = "<group>";
		};
		1BA19E531A5FACE400FC669D /* Supporting Files */ = {
			isa = PBXGroup;
			children = (
				1BA19E601A5FACE400FC669D /* Images.xcassets */,
				1BA19E541A5FACE400FC669D /* Info.plist */,
				1BA19E551A5FACE400FC669D /* main.m */,
			);
			name = "Supporting Files";
			sourceTree = "<group>";
		};
		1BA19E6C1A5FACE400FC669D /* PassKitTests */ = {
			isa = PBXGroup;
			children = (
				1BA19E6F1A5FACE400FC669D /* PassKitTests.m */,
				1BA19E6D1A5FACE400FC669D /* Supporting Files */,
			);
			path = PassKitTests;
			sourceTree = "<group>";
		};
		1BA19E6D1A5FACE400FC669D /* Supporting Files */ = {
			isa = PBXGroup;
			children = (
				1BA19E6E1A5FACE400FC669D /* Info.plist */,
			);
			name = "Supporting Files";
			sourceTree = "<group>";
		};
		1BA19E791A5FACF600FC669D /* view controllers */ = {
			isa = PBXGroup;
			children = (
				1B715FF01A60F8E100EBCD3A /* RESPassListViewController.h */,
				1B715FF11A60F8E100EBCD3A /* RESPassListViewController.m */,
				1B7160051A60FC7B00EBCD3A /* pass details */,
			);
			name = "view controllers";
			sourceTree = "<group>";
		};
		1BA19E7A1A5FAD0000FC669D /* app controllers */ = {
			isa = PBXGroup;
			children = (
				1BA19E571A5FACE400FC669D /* RESAppDelegate.h */,
				1BA19E581A5FACE400FC669D /* RESAppDelegate.m */,
			);
			name = "app controllers";
			sourceTree = "<group>";
		};
		1BA19E7B1A5FAD0F00FC669D /* views */ = {
			isa = PBXGroup;
			children = (
				1BA19E5D1A5FACE400FC669D /* Main.storyboard */,
				1BA19E621A5FACE400FC669D /* LaunchScreen.xib */,
			);
			name = views;
			sourceTree = "<group>";
		};
/* End PBXGroup section */

/* Begin PBXNativeTarget section */
		1BA19E4F1A5FACE400FC669D /* PassKit */ = {
			isa = PBXNativeTarget;
			buildConfigurationList = 1BA19E731A5FACE400FC669D /* Build configuration list for PBXNativeTarget "PassKit" */;
			buildPhases = (
				1BA19E4C1A5FACE400FC669D /* Sources */,
				1BA19E4D1A5FACE400FC669D /* Frameworks */,
				1BA19E4E1A5FACE400FC669D /* Resources */,
			);
			buildRules = (
			);
			dependencies = (
			);
			name = PassKit;
			productName = PassKit;
			productReference = 1BA19E501A5FACE400FC669D /* PassKit.app */;
			productType = "com.apple.product-type.application";
		};
		1BA19E681A5FACE400FC669D /* PassKitTests */ = {
			isa = PBXNativeTarget;
			buildConfigurationList = 1BA19E761A5FACE400FC669D /* Build configuration list for PBXNativeTarget "PassKitTests" */;
			buildPhases = (
				1BA19E651A5FACE400FC669D /* Sources */,
				1BA19E661A5FACE400FC669D /* Frameworks */,
				1BA19E671A5FACE400FC669D /* Resources */,
			);
			buildRules = (
			);
			dependencies = (
				1BA19E6B1A5FACE400FC669D /* PBXTargetDependency */,
			);
			name = PassKitTests;
			productName = PassKitTests;
			productReference = 1BA19E691A5FACE400FC669D /* PassKitTests.xctest */;
			productType = "com.apple.product-type.bundle.unit-test";
		};
/* End PBXNativeTarget section */

/* Begin PBXProject section */
		1BA19E481A5FACE400FC669D /* Project object */ = {
			isa = PBXProject;
			attributes = {
				CLASSPREFIX = RES;
				LastUpgradeCheck = 0610;
				ORGANIZATIONNAME = "RuiShuai Co., Ltd";
				TargetAttributes = {
					1BA19E4F1A5FACE400FC669D = {
						CreatedOnToolsVersion = 6.1.1;
					};
					1BA19E681A5FACE400FC669D = {
						CreatedOnToolsVersion = 6.1.1;
						TestTargetID = 1BA19E4F1A5FACE400FC669D;
					};
				};
			};
			buildConfigurationList = 1BA19E4B1A5FACE400FC669D /* Build configuration list for PBXProject "PassKit" */;
			compatibilityVersion = "Xcode 3.2";
			developmentRegion = English;
			hasScannedForEncodings = 0;
			knownRegions = (
				en,
				Base,
			);
			mainGroup = 1BA19E471A5FACE400FC669D;
			productRefGroup = 1BA19E511A5FACE400FC669D /* Products */;
			projectDirPath = "";
			projectRoot = "";
			targets = (
				1BA19E4F1A5FACE400FC669D /* PassKit */,
				1BA19E681A5FACE400FC669D /* PassKitTests */,
			);
		};
/* End PBXProject section */

/* Begin PBXResourcesBuildPhase section */
		1BA19E4E1A5FACE400FC669D /* Resources */ = {
			isa = PBXResourcesBuildPhase;
			buildActionMask = 2147483647;
			files = (
				1B7F01E11A636E1E0077E1DA /* Event.pkpass in Resources */,
				1B7F01DF1A636E1E0077E1DA /* BoardingPass.pkpass in Resources */,
				1B7F01E01A636E1E0077E1DA /* Coupon.pkpass in Resources */,
				1B7F01ED1A636EC80077E1DA /* StoreCard-Update.pkpass in Resources */,
				1B7F01E21A636E1E0077E1DA /* Generic.pkpass in Resources */,
				1BA19E5F1A5FACE400FC669D /* Main.storyboard in Resources */,
				1B7F01EB1A636EC80077E1DA /* Event-Update.pkpass in Resources */,
				1BA19E641A5FACE400FC669D /* LaunchScreen.xib in Resources */,
				1B7F01E91A636EC80077E1DA /* BoardingPass-Update.pkpass in Resources */,
				1BA19E611A5FACE400FC669D /* Images.xcassets in Resources */,
				1B7F01EA1A636EC80077E1DA /* Coupon-Update.pkpass in Resources */,
				1B7F01EC1A636EC80077E1DA /* Generic-Update.pkpass in Resources */,
				1B7F01E31A636E1E0077E1DA /* StoreCard.pkpass in Resources */,
			);
			runOnlyForDeploymentPostprocessing = 0;
		};
		1BA19E671A5FACE400FC669D /* Resources */ = {
			isa = PBXResourcesBuildPhase;
			buildActionMask = 2147483647;
			files = (
			);
			runOnlyForDeploymentPostprocessing = 0;
		};
/* End PBXResourcesBuildPhase section */

/* Begin PBXSourcesBuildPhase section */
		1BA19E4C1A5FACE400FC669D /* Sources */ = {
			isa = PBXSourcesBuildPhase;
			buildActionMask = 2147483647;
			files = (
				1B715FFB1A60F95300EBCD3A /* RESEventViewController.m in Sources */,
				1B715FF51A60F92400EBCD3A /* RESBoardingPassViewController.m in Sources */,
				1B715FF21A60F8E100EBCD3A /* RESPassListViewController.m in Sources */,
				1BA19E591A5FACE400FC669D /* RESAppDelegate.m in Sources */,
				1B715FF81A60F93E00EBCD3A /* RESCouponViewController.m in Sources */,
				1BA19E561A5FACE400FC669D /* main.m in Sources */,
				1B7160041A60FC6D00EBCD3A /* RESPassTemplateViewController.m in Sources */,
				1B715FFE1A60F96600EBCD3A /* RESGenericViewController.m in Sources */,
				1B7160011A60F97800EBCD3A /* RESStoreCardViewController.m in Sources */,
			);
			runOnlyForDeploymentPostprocessing = 0;
		};
		1BA19E651A5FACE400FC669D /* Sources */ = {
			isa = PBXSourcesBuildPhase;
			buildActionMask = 2147483647;
			files = (
				1BA19E701A5FACE400FC669D /* PassKitTests.m in Sources */,
			);
			runOnlyForDeploymentPostprocessing = 0;
		};
/* End PBXSourcesBuildPhase section */

/* Begin PBXTargetDependency section */
		1BA19E6B1A5FACE400FC669D /* PBXTargetDependency */ = {
			isa = PBXTargetDependency;
			target = 1BA19E4F1A5FACE400FC669D /* PassKit */;
			targetProxy = 1BA19E6A1A5FACE400FC669D /* PBXContainerItemProxy */;
		};
/* End PBXTargetDependency section */

/* Begin PBXVariantGroup section */
		1BA19E5D1A5FACE400FC669D /* Main.storyboard */ = {
			isa = PBXVariantGroup;
			children = (
				1BA19E5E1A5FACE400FC669D /* Base */,
			);
			name = Main.storyboard;
			sourceTree = "<group>";
		};
		1BA19E621A5FACE400FC669D /* LaunchScreen.xib */ = {
			isa = PBXVariantGroup;
			children = (
				1BA19E631A5FACE400FC669D /* Base */,
			);
			name = LaunchScreen.xib;
			sourceTree = "<group>";
		};
/* End PBXVariantGroup section */

/* Begin XCBuildConfiguration section */
		1BA19E711A5FACE400FC669D /* Debug */ = {
			isa = XCBuildConfiguration;
			buildSettings = {
				ALWAYS_SEARCH_USER_PATHS = NO;
				CLANG_CXX_LANGUAGE_STANDARD = "gnu++0x";
				CLANG_CXX_LIBRARY = "libc++";
				CLANG_ENABLE_MODULES = YES;
				CLANG_ENABLE_OBJC_ARC = YES;
				CLANG_WARN_BOOL_CONVERSION = YES;
				CLANG_WARN_CONSTANT_CONVERSION = YES;
				CLANG_WARN_DIRECT_OBJC_ISA_USAGE = YES_ERROR;
				CLANG_WARN_EMPTY_BODY = YES;
				CLANG_WARN_ENUM_CONVERSION = YES;
				CLANG_WARN_INT_CONVERSION = YES;
				CLANG_WARN_OBJC_ROOT_CLASS = YES_ERROR;
				CLANG_WARN_UNREACHABLE_CODE = YES;
				CLANG_WARN__DUPLICATE_METHOD_MATCH = YES;
				"CODE_SIGN_IDENTITY[sdk=iphoneos*]" = "iPhone Developer";
				COPY_PHASE_STRIP = NO;
				ENABLE_STRICT_OBJC_MSGSEND = YES;
				GCC_C_LANGUAGE_STANDARD = gnu99;
				GCC_DYNAMIC_NO_PIC = NO;
				GCC_OPTIMIZATION_LEVEL = 0;
				GCC_PREPROCESSOR_DEFINITIONS = (
					"DEBUG=1",
					"$(inherited)",
				);
				GCC_SYMBOLS_PRIVATE_EXTERN = NO;
				GCC_WARN_64_TO_32_BIT_CONVERSION = YES;
				GCC_WARN_ABOUT_RETURN_TYPE = YES_ERROR;
				GCC_WARN_UNDECLARED_SELECTOR = YES;
				GCC_WARN_UNINITIALIZED_AUTOS = YES_AGGRESSIVE;
				GCC_WARN_UNUSED_FUNCTION = YES;
				GCC_WARN_UNUSED_VARIABLE = YES;
				IPHONEOS_DEPLOYMENT_TARGET = 8.1;
				MTL_ENABLE_DEBUG_INFO = YES;
				ONLY_ACTIVE_ARCH = YES;
				SDKROOT = iphoneos;
			};
			name = Debug;
		};
		1BA19E721A5FACE400FC669D /* Release */ = {
			isa = XCBuildConfiguration;
			buildSettings = {
				ALWAYS_SEARCH_USER_PATHS = NO;
				CLANG_CXX_LANGUAGE_STANDARD = "gnu++0x";
				CLANG_CXX_LIBRARY = "libc++";
				CLANG_ENABLE_MODULES = YES;
				CLANG_ENABLE_OBJC_ARC = YES;
				CLANG_WARN_BOOL_CONVERSION = YES;
				CLANG_WARN_CONSTANT_CONVERSION = YES;
				CLANG_WARN_DIRECT_OBJC_ISA_USAGE = YES_ERROR;
				CLANG_WARN_EMPTY_BODY = YES;
				CLANG_WARN_ENUM_CONVERSION = YES;
				CLANG_WARN_INT_CONVERSION = YES;
				CLANG_WARN_OBJC_ROOT_CLASS = YES_ERROR;
				CLANG_WARN_UNREACHABLE_CODE = YES;
				CLANG_WARN__DUPLICATE_METHOD_MATCH = YES;
				"CODE_SIGN_IDENTITY[sdk=iphoneos*]" = "iPhone Developer";
				COPY_PHASE_STRIP = YES;
				ENABLE_NS_ASSERTIONS = NO;
				ENABLE_STRICT_OBJC_MSGSEND = YES;
				GCC_C_LANGUAGE_STANDARD = gnu99;
				GCC_WARN_64_TO_32_BIT_CONVERSION = YES;
				GCC_WARN_ABOUT_RETURN_TYPE = YES_ERROR;
				GCC_WARN_UNDECLARED_SELECTOR = YES;
				GCC_WARN_UNINITIALIZED_AUTOS = YES_AGGRESSIVE;
				GCC_WARN_UNUSED_FUNCTION = YES;
				GCC_WARN_UNUSED_VARIABLE = YES;
				IPHONEOS_DEPLOYMENT_TARGET = 8.1;
				MTL_ENABLE_DEBUG_INFO = NO;
				SDKROOT = iphoneos;
				VALIDATE_PRODUCT = YES;
			};
			name = Release;
		};
		1BA19E741A5FACE400FC669D /* Debug */ = {
			isa = XCBuildConfiguration;
			buildSettings = {
				ASSETCATALOG_COMPILER_APPICON_NAME = AppIcon;
				INFOPLIST_FILE = PassKit/Info.plist;
				LD_RUNPATH_SEARCH_PATHS = "$(inherited) @executable_path/Frameworks";
				PRODUCT_NAME = "$(TARGET_NAME)";
			};
			name = Debug;
		};
		1BA19E751A5FACE400FC669D /* Release */ = {
			isa = XCBuildConfiguration;
			buildSettings = {
				ASSETCATALOG_COMPILER_APPICON_NAME = AppIcon;
				INFOPLIST_FILE = PassKit/Info.plist;
				LD_RUNPATH_SEARCH_PATHS = "$(inherited) @executable_path/Frameworks";
				PRODUCT_NAME = "$(TARGET_NAME)";
			};
			name = Release;
		};
		1BA19E771A5FACE400FC669D /* Debug */ = {
			isa = XCBuildConfiguration;
			buildSettings = {
				BUNDLE_LOADER = "$(TEST_HOST)";
				FRAMEWORK_SEARCH_PATHS = (
					"$(SDKROOT)/Developer/Library/Frameworks",
					"$(inherited)",
				);
				GCC_PREPROCESSOR_DEFINITIONS = (
					"DEBUG=1",
					"$(inherited)",
				);
				INFOPLIST_FILE = PassKitTests/Info.plist;
				LD_RUNPATH_SEARCH_PATHS = "$(inherited) @executable_path/Frameworks @loader_path/Frameworks";
				PRODUCT_NAME = "$(TARGET_NAME)";
				TEST_HOST = "$(BUILT_PRODUCTS_DIR)/PassKit.app/PassKit";
			};
			name = Debug;
		};
		1BA19E781A5FACE400FC669D /* Release */ = {
			isa = XCBuildConfiguration;
			buildSettings = {
				BUNDLE_LOADER = "$(TEST_HOST)";
				FRAMEWORK_SEARCH_PATHS = (
					"$(SDKROOT)/Developer/Library/Frameworks",
					"$(inherited)",
				);
				INFOPLIST_FILE = PassKitTests/Info.plist;
				LD_RUNPATH_SEARCH_PATHS = "$(inherited) @executable_path/Frameworks @loader_path/Frameworks";
				PRODUCT_NAME = "$(TARGET_NAME)";
				TEST_HOST = "$(BUILT_PRODUCTS_DIR)/PassKit.app/PassKit";
			};
			name = Release;
		};
/* End XCBuildConfiguration section */

/* Begin XCConfigurationList section */
		1BA19E4B1A5FACE400FC669D /* Build configuration list for PBXProject "PassKit" */ = {
			isa = XCConfigurationList;
			buildConfigurations = (
				1BA19E711A5FACE400FC669D /* Debug */,
				1BA19E721A5FACE400FC669D /* Release */,
			);
			defaultConfigurationIsVisible = 0;
			defaultConfigurationName = Release;
		};
		1BA19E731A5FACE400FC669D /* Build configuration list for PBXNativeTarget "PassKit" */ = {
			isa = XCConfigurationList;
			buildConfigurations = (
				1BA19E741A5FACE400FC669D /* Debug */,
				1BA19E751A5FACE400FC669D /* Release */,
			);
			defaultConfigurationIsVisible = 0;
			defaultConfigurationName = Release;
		};
		1BA19E761A5FACE400FC669D /* Build configuration list for PBXNativeTarget "PassKitTests" */ = {
			isa = XCConfigurationList;
			buildConfigurations = (
				1BA19E771A5FACE400FC669D /* Debug */,
				1BA19E781A5FACE400FC669D /* Release */,
			);
			defaultConfigurationIsVisible = 0;
			defaultConfigurationName = Release;
		};
/* End XCConfigurationList section */
	};
	rootObject = 1BA19E481A5FACE400FC669D /* Project object */;
}
