// !$*UTF8*$!
{
	archiveVersion = 1;
	classes = {
	};
	objectVersion = 46;
	objects = {

/* Begin PBXBuildFile section */
		1B2D53F31A6E137300DD8524 /* MCManager.m in Sources */ = {isa = PBXBuildFile; fileRef = 1B2D53F21A6E137300DD8524 /* MCManager.m */; };
		1B2D53F61A6E9A9300DD8524 /* RESBluetoothShareResourceViewController.m in Sources */ = {isa = PBXBuildFile; fileRef = 1B2D53F51A6E9A9300DD8524 /* RESBluetoothShareResourceViewController.m */; };
		1B2D53F91A6E9E9800DD8524 /* sample_file1.txt in Resources */ = {isa = PBXBuildFile; fileRef = 1B2D53F71A6E9E9800DD8524 /* sample_file1.txt */; };
		1B2D53FA1A6E9E9800DD8524 /* sample_file2.txt in Resources */ = {isa = PBXBuildFile; fileRef = 1B2D53F81A6E9E9800DD8524 /* sample_file2.txt */; };
		1B652D5E1A654C0800B8D0EA /* main.m in Sources */ = {isa = PBXBuildFile; fileRef = 1B652D5D1A654C0800B8D0EA /* main.m */; };
		1B652D611A654C0800B8D0EA /* RESAppDelegate.m in Sources */ = {isa = PBXBuildFile; fileRef = 1B652D601A654C0800B8D0EA /* RESAppDelegate.m */; };
		1B652D671A654C0800B8D0EA /* Main.storyboard in Resources */ = {isa = PBXBuildFile; fileRef = 1B652D651A654C0800B8D0EA /* Main.storyboard */; };
		1B652D691A654C0800B8D0EA /* Images.xcassets in Resources */ = {isa = PBXBuildFile; fileRef = 1B652D681A654C0800B8D0EA /* Images.xcassets */; };
		1B652D6C1A654C0800B8D0EA /* LaunchScreen.xib in Resources */ = {isa = PBXBuildFile; fileRef = 1B652D6A1A654C0800B8D0EA /* LaunchScreen.xib */; };
		1B652D781A654C0800B8D0EA /* Bluetooth_MessagesTests.m in Sources */ = {isa = PBXBuildFile; fileRef = 1B652D771A654C0800B8D0EA /* Bluetooth_MessagesTests.m */; };
		1B842D3F1A69494C00504532 /* ChatBar.png in Resources */ = {isa = PBXBuildFile; fileRef = 1B842D3E1A69494C00504532 /* ChatBar.png */; };
		1B842D411A69495500504532 /* SendButton.png in Resources */ = {isa = PBXBuildFile; fileRef = 1B842D401A69495500504532 /* SendButton.png */; };
		1B842D441A6949E600504532 /* RESBluetoothConnectViewController.m in Sources */ = {isa = PBXBuildFile; fileRef = 1B842D431A6949E600504532 /* RESBluetoothConnectViewController.m */; };
		1B842D471A694A0800504532 /* RESBluetoothChatViewController.m in Sources */ = {isa = PBXBuildFile; fileRef = 1B842D461A694A0800504532 /* RESBluetoothChatViewController.m */; };
		1B842D4B1A695B0300504532 /* UIActionSheet+Blocks.m in Sources */ = {isa = PBXBuildFile; fileRef = 1B842D4A1A695B0300504532 /* UIActionSheet+Blocks.m */; };
/* End PBXBuildFile section */

/* Begin PBXContainerItemProxy section */
		1B652D721A654C0800B8D0EA /* PBXContainerItemProxy */ = {
			isa = PBXContainerItemProxy;
			containerPortal = 1B652D501A654C0800B8D0EA /* Project object */;
			proxyType = 1;
			remoteGlobalIDString = 1B652D571A654C0800B8D0EA;
			remoteInfo = Bluetooth_Messages;
		};
/* End PBXContainerItemProxy section */

/* Begin PBXFileReference section */
		1B2D53F11A6E137300DD8524 /* MCManager.h */ = {isa = PBXFileReference; fileEncoding = 4; lastKnownFileType = sourcecode.c.h; path = MCManager.h; sourceTree = "<group>"; };
		1B2D53F21A6E137300DD8524 /* MCManager.m */ = {isa = PBXFileReference; fileEncoding = 4; lastKnownFileType = sourcecode.c.objc; path = MCManager.m; sourceTree = "<group>"; };
		1B2D53F41A6E9A9300DD8524 /* RESBluetoothShareResourceViewController.h */ = {isa = PBXFileReference; fileEncoding = 4; lastKnownFileType = sourcecode.c.h; path = RESBluetoothShareResourceViewController.h; sourceTree = "<group>"; };
		1B2D53F51A6E9A9300DD8524 /* RESBluetoothShareResourceViewController.m */ = {isa = PBXFileReference; fileEncoding = 4; lastKnownFileType = sourcecode.c.objc; path = RESBluetoothShareResourceViewController.m; sourceTree = "<group>"; };
		1B2D53F71A6E9E9800DD8524 /* sample_file1.txt */ = {isa = PBXFileReference; fileEncoding = 4; lastKnownFileType = text; path = sample_file1.txt; sourceTree = "<group>"; };
		1B2D53F81A6E9E9800DD8524 /* sample_file2.txt */ = {isa = PBXFileReference; fileEncoding = 4; lastKnownFileType = text; path = sample_file2.txt; sourceTree = "<group>"; };
		1B652D581A654C0800B8D0EA /* Bluetooth_Messages.app */ = {isa = PBXFileReference; explicitFileType = wrapper.application; includeInIndex = 0; path = Bluetooth_Messages.app; sourceTree = BUILT_PRODUCTS_DIR; };
		1B652D5C1A654C0800B8D0EA /* Info.plist */ = {isa = PBXFileReference; lastKnownFileType = text.plist.xml; path = Info.plist; sourceTree = "<group>"; };
		1B652D5D1A654C0800B8D0EA /* main.m */ = {isa = PBXFileReference; lastKnownFileType = sourcecode.c.objc; path = main.m; sourceTree = "<group>"; };
		1B652D5F1A654C0800B8D0EA /* RESAppDelegate.h */ = {isa = PBXFileReference; lastKnownFileType = sourcecode.c.h; path = RESAppDelegate.h; sourceTree = "<group>"; };
		1B652D601A654C0800B8D0EA /* RESAppDelegate.m */ = {isa = PBXFileReference; lastKnownFileType = sourcecode.c.objc; path = RESAppDelegate.m; sourceTree = "<group>"; };
		1B652D661A654C0800B8D0EA /* Base */ = {isa = PBXFileReference; lastKnownFileType = file.storyboard; name = Base; path = Base.lproj/Main.storyboard; sourceTree = "<group>"; };
		1B652D681A654C0800B8D0EA /* Images.xcassets */ = {isa = PBXFileReference; lastKnownFileType = folder.assetcatalog; path = Images.xcassets; sourceTree = "<group>"; };
		1B652D6B1A654C0800B8D0EA /* Base */ = {isa = PBXFileReference; lastKnownFileType = file.xib; name = Base; path = Base.lproj/LaunchScreen.xib; sourceTree = "<group>"; };
		1B652D711A654C0800B8D0EA /* Bluetooth_MessagesTests.xctest */ = {isa = PBXFileReference; explicitFileType = wrapper.cfbundle; includeInIndex = 0; path = Bluetooth_MessagesTests.xctest; sourceTree = BUILT_PRODUCTS_DIR; };
		1B652D761A654C0800B8D0EA /* Info.plist */ = {isa = PBXFileReference; lastKnownFileType = text.plist.xml; path = Info.plist; sourceTree = "<group>"; };
		1B652D771A654C0800B8D0EA /* Bluetooth_MessagesTests.m */ = {isa = PBXFileReference; lastKnownFileType = sourcecode.c.objc; path = Bluetooth_MessagesTests.m; sourceTree = "<group>"; };
		1B842D3E1A69494C00504532 /* ChatBar.png */ = {isa = PBXFileReference; lastKnownFileType = image.png; path = ChatBar.png; sourceTree = "<group>"; };
		1B842D401A69495500504532 /* SendButton.png */ = {isa = PBXFileReference; lastKnownFileType = image.png; path = SendButton.png; sourceTree = "<group>"; };
		1B842D421A6949E600504532 /* RESBluetoothConnectViewController.h */ = {isa = PBXFileReference; fileEncoding = 4; lastKnownFileType = sourcecode.c.h; path = RESBluetoothConnectViewController.h; sourceTree = "<group>"; };
		1B842D431A6949E600504532 /* RESBluetoothConnectViewController.m */ = {isa = PBXFileReference; fileEncoding = 4; lastKnownFileType = sourcecode.c.objc; path = RESBluetoothConnectViewController.m; sourceTree = "<group>"; };
		1B842D451A694A0800504532 /* RESBluetoothChatViewController.h */ = {isa = PBXFileReference; fileEncoding = 4; lastKnownFileType = sourcecode.c.h; path = RESBluetoothChatViewController.h; sourceTree = "<group>"; };
		1B842D461A694A0800504532 /* RESBluetoothChatViewController.m */ = {isa = PBXFileReference; fileEncoding = 4; lastKnownFileType = sourcecode.c.objc; path = RESBluetoothChatViewController.m; sourceTree = "<group>"; };
		1B842D491A695B0300504532 /* UIActionSheet+Blocks.h */ = {isa = PBXFileReference; fileEncoding = 4; lastKnownFileType = sourcecode.c.h; path = "UIActionSheet+Blocks.h"; sourceTree = "<group>"; };
		1B842D4A1A695B0300504532 /* UIActionSheet+Blocks.m */ = {isa = PBXFileReference; fileEncoding = 4; lastKnownFileType = sourcecode.c.objc; path = "UIActionSheet+Blocks.m"; sourceTree = "<group>"; };
/* End PBXFileReference section */

/* Begin PBXFrameworksBuildPhase section */
		1B652D551A654C0800B8D0EA /* Frameworks */ = {
			isa = PBXFrameworksBuildPhase;
			buildActionMask = 2147483647;
			files = (
			);
			runOnlyForDeploymentPostprocessing = 0;
		};
		1B652D6E1A654C0800B8D0EA /* Frameworks */ = {
			isa = PBXFrameworksBuildPhase;
			buildActionMask = 2147483647;
			files = (
			);
			runOnlyForDeploymentPostprocessing = 0;
		};
/* End PBXFrameworksBuildPhase section */

/* Begin PBXGroup section */
		1B2D53F01A6E133200DD8524 /* MC manager */ = {
			isa = PBXGroup;
			children = (
				1B2D53F11A6E137300DD8524 /* MCManager.h */,
				1B2D53F21A6E137300DD8524 /* MCManager.m */,
			);
			name = "MC manager";
			sourceTree = "<group>";
		};
		1B652D4F1A654C0800B8D0EA = {
			isa = PBXGroup;
			children = (
				1B652D5A1A654C0800B8D0EA /* Bluetooth_Messages */,
				1B652D741A654C0800B8D0EA /* Bluetooth_MessagesTests */,
				1B652D591A654C0800B8D0EA /* Products */,
			);
			sourceTree = "<group>";
		};
		1B652D591A654C0800B8D0EA /* Products */ = {
			isa = PBXGroup;
			children = (
				1B652D581A654C0800B8D0EA /* Bluetooth_Messages.app */,
				1B652D711A654C0800B8D0EA /* Bluetooth_MessagesTests.xctest */,
			);
			name = Products;
			sourceTree = "<group>";
		};
		1B652D5A1A654C0800B8D0EA /* Bluetooth_Messages */ = {
			isa = PBXGroup;
			children = (
				1B652D831A654C2800B8D0EA /* views */,
				1B652D821A654C2100B8D0EA /* app controllers */,
				1B652D811A654C1A00B8D0EA /* view controllers */,
				1B2D53F01A6E133200DD8524 /* MC manager */,
				1B842D481A695ABB00504532 /* helper */,
				1B652D5B1A654C0800B8D0EA /* Supporting Files */,
			);
			path = Bluetooth_Messages;
			sourceTree = "<group>";
		};
		1B652D5B1A654C0800B8D0EA /* Supporting Files */ = {
			isa = PBXGroup;
			children = (
				1B2D53F71A6E9E9800DD8524 /* sample_file1.txt */,
				1B2D53F81A6E9E9800DD8524 /* sample_file2.txt */,
				1B842D3E1A69494C00504532 /* ChatBar.png */,
				1B842D401A69495500504532 /* SendButton.png */,
				1B652D681A654C0800B8D0EA /* Images.xcassets */,
				1B652D5C1A654C0800B8D0EA /* Info.plist */,
				1B652D5D1A654C0800B8D0EA /* main.m */,
			);
			name = "Supporting Files";
			sourceTree = "<group>";
		};
		1B652D741A654C0800B8D0EA /* Bluetooth_MessagesTests */ = {
			isa = PBXGroup;
			children = (
				1B652D771A654C0800B8D0EA /* Bluetooth_MessagesTests.m */,
				1B652D751A654C0800B8D0EA /* Supporting Files */,
			);
			path = Bluetooth_MessagesTests;
			sourceTree = "<group>";
		};
		1B652D751A654C0800B8D0EA /* Supporting Files */ = {
			isa = PBXGroup;
			children = (
				1B652D761A654C0800B8D0EA /* Info.plist */,
			);
			name = "Supporting Files";
			sourceTree = "<group>";
		};
		1B652D811A654C1A00B8D0EA /* view controllers */ = {
			isa = PBXGroup;
			children = (
				1B842D421A6949E600504532 /* RESBluetoothConnectViewController.h */,
				1B842D431A6949E600504532 /* RESBluetoothConnectViewController.m */,
				1B842D451A694A0800504532 /* RESBluetoothChatViewController.h */,
				1B842D461A694A0800504532 /* RESBluetoothChatViewController.m */,
				1B2D53F41A6E9A9300DD8524 /* RESBluetoothShareResourceViewController.h */,
				1B2D53F51A6E9A9300DD8524 /* RESBluetoothShareResourceViewController.m */,
			);
			name = "view controllers";
			sourceTree = "<group>";
		};
		1B652D821A654C2100B8D0EA /* app controllers */ = {
			isa = PBXGroup;
			children = (
				1B652D5F1A654C0800B8D0EA /* RESAppDelegate.h */,
				1B652D601A654C0800B8D0EA /* RESAppDelegate.m */,
			);
			name = "app controllers";
			sourceTree = "<group>";
		};
		1B652D831A654C2800B8D0EA /* views */ = {
			isa = PBXGroup;
			children = (
				1B652D651A654C0800B8D0EA /* Main.storyboard */,
				1B652D6A1A654C0800B8D0EA /* LaunchScreen.xib */,
			);
			name = views;
			sourceTree = "<group>";
		};
		1B842D481A695ABB00504532 /* helper */ = {
			isa = PBXGroup;
			children = (
				1B842D491A695B0300504532 /* UIActionSheet+Blocks.h */,
				1B842D4A1A695B0300504532 /* UIActionSheet+Blocks.m */,
			);
			name = helper;
			sourceTree = "<group>";
		};
/* End PBXGroup section */

/* Begin PBXNativeTarget section */
		1B652D571A654C0800B8D0EA /* Bluetooth_Messages */ = {
			isa = PBXNativeTarget;
			buildConfigurationList = 1B652D7B1A654C0800B8D0EA /* Build configuration list for PBXNativeTarget "Bluetooth_Messages" */;
			buildPhases = (
				1B652D541A654C0800B8D0EA /* Sources */,
				1B652D551A654C0800B8D0EA /* Frameworks */,
				1B652D561A654C0800B8D0EA /* Resources */,
			);
			buildRules = (
			);
			dependencies = (
			);
			name = Bluetooth_Messages;
			productName = Bluetooth_Messages;
			productReference = 1B652D581A654C0800B8D0EA /* Bluetooth_Messages.app */;
			productType = "com.apple.product-type.application";
		};
		1B652D701A654C0800B8D0EA /* Bluetooth_MessagesTests */ = {
			isa = PBXNativeTarget;
			buildConfigurationList = 1B652D7E1A654C0800B8D0EA /* Build configuration list for PBXNativeTarget "Bluetooth_MessagesTests" */;
			buildPhases = (
				1B652D6D1A654C0800B8D0EA /* Sources */,
				1B652D6E1A654C0800B8D0EA /* Frameworks */,
				1B652D6F1A654C0800B8D0EA /* Resources */,
			);
			buildRules = (
			);
			dependencies = (
				1B652D731A654C0800B8D0EA /* PBXTargetDependency */,
			);
			name = Bluetooth_MessagesTests;
			productName = Bluetooth_MessagesTests;
			productReference = 1B652D711A654C0800B8D0EA /* Bluetooth_MessagesTests.xctest */;
			productType = "com.apple.product-type.bundle.unit-test";
		};
/* End PBXNativeTarget section */

/* Begin PBXProject section */
		1B652D501A654C0800B8D0EA /* Project object */ = {
			isa = PBXProject;
			attributes = {
				CLASSPREFIX = RES;
				LastUpgradeCheck = 0610;
				ORGANIZATIONNAME = "RuiShuai Co., Ltd";
				TargetAttributes = {
					1B652D571A654C0800B8D0EA = {
						CreatedOnToolsVersion = 6.1.1;
					};
					1B652D701A654C0800B8D0EA = {
						CreatedOnToolsVersion = 6.1.1;
						TestTargetID = 1B652D571A654C0800B8D0EA;
					};
				};
			};
			buildConfigurationList = 1B652D531A654C0800B8D0EA /* Build configuration list for PBXProject "Bluetooth_Messages" */;
			compatibilityVersion = "Xcode 3.2";
			developmentRegion = English;
			hasScannedForEncodings = 0;
			knownRegions = (
				en,
				Base,
			);
			mainGroup = 1B652D4F1A654C0800B8D0EA;
			productRefGroup = 1B652D591A654C0800B8D0EA /* Products */;
			projectDirPath = "";
			projectRoot = "";
			targets = (
				1B652D571A654C0800B8D0EA /* Bluetooth_Messages */,
				1B652D701A654C0800B8D0EA /* Bluetooth_MessagesTests */,
			);
		};
/* End PBXProject section */

/* Begin PBXResourcesBuildPhase section */
		1B652D561A654C0800B8D0EA /* Resources */ = {
			isa = PBXResourcesBuildPhase;
			buildActionMask = 2147483647;
			files = (
				1B2D53F91A6E9E9800DD8524 /* sample_file1.txt in Resources */,
				1B652D671A654C0800B8D0EA /* Main.storyboard in Resources */,
				1B652D6C1A654C0800B8D0EA /* LaunchScreen.xib in Resources */,
				1B652D691A654C0800B8D0EA /* Images.xcassets in Resources */,
				1B2D53FA1A6E9E9800DD8524 /* sample_file2.txt in Resources */,
				1B842D411A69495500504532 /* SendButton.png in Resources */,
				1B842D3F1A69494C00504532 /* ChatBar.png in Resources */,
			);
			runOnlyForDeploymentPostprocessing = 0;
		};
		1B652D6F1A654C0800B8D0EA /* Resources */ = {
			isa = PBXResourcesBuildPhase;
			buildActionMask = 2147483647;
			files = (
			);
			runOnlyForDeploymentPostprocessing = 0;
		};
/* End PBXResourcesBuildPhase section */

/* Begin PBXSourcesBuildPhase section */
		1B652D541A654C0800B8D0EA /* Sources */ = {
			isa = PBXSourcesBuildPhase;
			buildActionMask = 2147483647;
			files = (
				1B842D471A694A0800504532 /* RESBluetoothChatViewController.m in Sources */,
				1B2D53F31A6E137300DD8524 /* MCManager.m in Sources */,
				1B842D441A6949E600504532 /* RESBluetoothConnectViewController.m in Sources */,
				1B652D611A654C0800B8D0EA /* RESAppDelegate.m in Sources */,
				1B2D53F61A6E9A9300DD8524 /* RESBluetoothShareResourceViewController.m in Sources */,
				1B842D4B1A695B0300504532 /* UIActionSheet+Blocks.m in Sources */,
				1B652D5E1A654C0800B8D0EA /* main.m in Sources */,
			);
			runOnlyForDeploymentPostprocessing = 0;
		};
		1B652D6D1A654C0800B8D0EA /* Sources */ = {
			isa = PBXSourcesBuildPhase;
			buildActionMask = 2147483647;
			files = (
				1B652D781A654C0800B8D0EA /* Bluetooth_MessagesTests.m in Sources */,
			);
			runOnlyForDeploymentPostprocessing = 0;
		};
/* End PBXSourcesBuildPhase section */

/* Begin PBXTargetDependency section */
		1B652D731A654C0800B8D0EA /* PBXTargetDependency */ = {
			isa = PBXTargetDependency;
			target = 1B652D571A654C0800B8D0EA /* Bluetooth_Messages */;
			targetProxy = 1B652D721A654C0800B8D0EA /* PBXContainerItemProxy */;
		};
/* End PBXTargetDependency section */

/* Begin PBXVariantGroup section */
		1B652D651A654C0800B8D0EA /* Main.storyboard */ = {
			isa = PBXVariantGroup;
			children = (
				1B652D661A654C0800B8D0EA /* Base */,
			);
			name = Main.storyboard;
			sourceTree = "<group>";
		};
		1B652D6A1A654C0800B8D0EA /* LaunchScreen.xib */ = {
			isa = PBXVariantGroup;
			children = (
				1B652D6B1A654C0800B8D0EA /* Base */,
			);
			name = LaunchScreen.xib;
			sourceTree = "<group>";
		};
/* End PBXVariantGroup section */

/* Begin XCBuildConfiguration section */
		1B652D791A654C0800B8D0EA /* Debug */ = {
			isa = XCBuildConfiguration;
			buildSettings = {
				ALWAYS_SEARCH_USER_PATHS = NO;
				CLANG_CXX_LANGUAGE_STANDARD = "gnu++0x";
				CLANG_CXX_LIBRARY = "libc++";
				CLANG_ENABLE_MODULES = YES;
				CLANG_ENABLE_OBJC_ARC = YES;
				CLANG_WARN_BOOL_CONVERSION = YES;
				CLANG_WARN_CONSTANT_CONVERSION = YES;
				CLANG_WARN_DIRECT_OBJC_ISA_USAGE = YES_ERROR;
				CLANG_WARN_EMPTY_BODY = YES;
				CLANG_WARN_ENUM_CONVERSION = YES;
				CLANG_WARN_INT_CONVERSION = YES;
				CLANG_WARN_OBJC_ROOT_CLASS = YES_ERROR;
				CLANG_WARN_UNREACHABLE_CODE = YES;
				CLANG_WARN__DUPLICATE_METHOD_MATCH = YES;
				"CODE_SIGN_IDENTITY[sdk=iphoneos*]" = "iPhone Developer";
				COPY_PHASE_STRIP = NO;
				ENABLE_STRICT_OBJC_MSGSEND = YES;
				GCC_C_LANGUAGE_STANDARD = gnu99;
				GCC_DYNAMIC_NO_PIC = NO;
				GCC_OPTIMIZATION_LEVEL = 0;
				GCC_PREPROCESSOR_DEFINITIONS = (
					"DEBUG=1",
					"$(inherited)",
				);
				GCC_SYMBOLS_PRIVATE_EXTERN = NO;
				GCC_WARN_64_TO_32_BIT_CONVERSION = YES;
				GCC_WARN_ABOUT_RETURN_TYPE = YES_ERROR;
				GCC_WARN_UNDECLARED_SELECTOR = YES;
				GCC_WARN_UNINITIALIZED_AUTOS = YES_AGGRESSIVE;
				GCC_WARN_UNUSED_FUNCTION = YES;
				GCC_WARN_UNUSED_VARIABLE = YES;
				IPHONEOS_DEPLOYMENT_TARGET = 8.1;
				MTL_ENABLE_DEBUG_INFO = YES;
				ONLY_ACTIVE_ARCH = YES;
				SDKROOT = iphoneos;
			};
			name = Debug;
		};
		1B652D7A1A654C0800B8D0EA /* Release */ = {
			isa = XCBuildConfiguration;
			buildSettings = {
				ALWAYS_SEARCH_USER_PATHS = NO;
				CLANG_CXX_LANGUAGE_STANDARD = "gnu++0x";
				CLANG_CXX_LIBRARY = "libc++";
				CLANG_ENABLE_MODULES = YES;
				CLANG_ENABLE_OBJC_ARC = YES;
				CLANG_WARN_BOOL_CONVERSION = YES;
				CLANG_WARN_CONSTANT_CONVERSION = YES;
				CLANG_WARN_DIRECT_OBJC_ISA_USAGE = YES_ERROR;
				CLANG_WARN_EMPTY_BODY = YES;
				CLANG_WARN_ENUM_CONVERSION = YES;
				CLANG_WARN_INT_CONVERSION = YES;
				CLANG_WARN_OBJC_ROOT_CLASS = YES_ERROR;
				CLANG_WARN_UNREACHABLE_CODE = YES;
				CLANG_WARN__DUPLICATE_METHOD_MATCH = YES;
				"CODE_SIGN_IDENTITY[sdk=iphoneos*]" = "iPhone Developer";
				COPY_PHASE_STRIP = YES;
				ENABLE_NS_ASSERTIONS = NO;
				ENABLE_STRICT_OBJC_MSGSEND = YES;
				GCC_C_LANGUAGE_STANDARD = gnu99;
				GCC_WARN_64_TO_32_BIT_CONVERSION = YES;
				GCC_WARN_ABOUT_RETURN_TYPE = YES_ERROR;
				GCC_WARN_UNDECLARED_SELECTOR = YES;
				GCC_WARN_UNINITIALIZED_AUTOS = YES_AGGRESSIVE;
				GCC_WARN_UNUSED_FUNCTION = YES;
				GCC_WARN_UNUSED_VARIABLE = YES;
				IPHONEOS_DEPLOYMENT_TARGET = 8.1;
				MTL_ENABLE_DEBUG_INFO = NO;
				SDKROOT = iphoneos;
				VALIDATE_PRODUCT = YES;
			};
			name = Release;
		};
		1B652D7C1A654C0800B8D0EA /* Debug */ = {
			isa = XCBuildConfiguration;
			buildSettings = {
				ASSETCATALOG_COMPILER_APPICON_NAME = AppIcon;
				INFOPLIST_FILE = Bluetooth_Messages/Info.plist;
				LD_RUNPATH_SEARCH_PATHS = "$(inherited) @executable_path/Frameworks";
				PRODUCT_NAME = "$(TARGET_NAME)";
			};
			name = Debug;
		};
		1B652D7D1A654C0800B8D0EA /* Release */ = {
			isa = XCBuildConfiguration;
			buildSettings = {
				ASSETCATALOG_COMPILER_APPICON_NAME = AppIcon;
				INFOPLIST_FILE = Bluetooth_Messages/Info.plist;
				LD_RUNPATH_SEARCH_PATHS = "$(inherited) @executable_path/Frameworks";
				PRODUCT_NAME = "$(TARGET_NAME)";
			};
			name = Release;
		};
		1B652D7F1A654C0800B8D0EA /* Debug */ = {
			isa = XCBuildConfiguration;
			buildSettings = {
				BUNDLE_LOADER = "$(TEST_HOST)";
				FRAMEWORK_SEARCH_PATHS = (
					"$(SDKROOT)/Developer/Library/Frameworks",
					"$(inherited)",
				);
				GCC_PREPROCESSOR_DEFINITIONS = (
					"DEBUG=1",
					"$(inherited)",
				);
				INFOPLIST_FILE = Bluetooth_MessagesTests/Info.plist;
				LD_RUNPATH_SEARCH_PATHS = "$(inherited) @executable_path/Frameworks @loader_path/Frameworks";
				PRODUCT_NAME = "$(TARGET_NAME)";
				TEST_HOST = "$(BUILT_PRODUCTS_DIR)/Bluetooth_Messages.app/Bluetooth_Messages";
			};
			name = Debug;
		};
		1B652D801A654C0800B8D0EA /* Release */ = {
			isa = XCBuildConfiguration;
			buildSettings = {
				BUNDLE_LOADER = "$(TEST_HOST)";
				FRAMEWORK_SEARCH_PATHS = (
					"$(SDKROOT)/Developer/Library/Frameworks",
					"$(inherited)",
				);
				INFOPLIST_FILE = Bluetooth_MessagesTests/Info.plist;
				LD_RUNPATH_SEARCH_PATHS = "$(inherited) @executable_path/Frameworks @loader_path/Frameworks";
				PRODUCT_NAME = "$(TARGET_NAME)";
				TEST_HOST = "$(BUILT_PRODUCTS_DIR)/Bluetooth_Messages.app/Bluetooth_Messages";
			};
			name = Release;
		};
/* End XCBuildConfiguration section */

/* Begin XCConfigurationList section */
		1B652D531A654C0800B8D0EA /* Build configuration list for PBXProject "Bluetooth_Messages" */ = {
			isa = XCConfigurationList;
			buildConfigurations = (
				1B652D791A654C0800B8D0EA /* Debug */,
				1B652D7A1A654C0800B8D0EA /* Release */,
			);
			defaultConfigurationIsVisible = 0;
			defaultConfigurationName = Release;
		};
		1B652D7B1A654C0800B8D0EA /* Build configuration list for PBXNativeTarget "Bluetooth_Messages" */ = {
			isa = XCConfigurationList;
			buildConfigurations = (
				1B652D7C1A654C0800B8D0EA /* Debug */,
				1B652D7D1A654C0800B8D0EA /* Release */,
			);
			defaultConfigurationIsVisible = 0;
			defaultConfigurationName = Release;
		};
		1B652D7E1A654C0800B8D0EA /* Build configuration list for PBXNativeTarget "Bluetooth_MessagesTests" */ = {
			isa = XCConfigurationList;
			buildConfigurations = (
				1B652D7F1A654C0800B8D0EA /* Debug */,
				1B652D801A654C0800B8D0EA /* Release */,
			);
			defaultConfigurationIsVisible = 0;
			defaultConfigurationName = Release;
		};
/* End XCConfigurationList section */
	};
	rootObject = 1B652D501A654C0800B8D0EA /* Project object */;
}
